// !$*UTF8*$!
{
	archiveVersion = 1;
	classes = {
	};
	objectVersion = 56;
	objects = {

/* Begin PBXBuildFile section */
		A1234567890ABCDEF001 /* AI_and_IApp.swift in Sources */ = {isa = PBXBuildFile; fileRef = A1234567890ABCDEF002 /* AI_and_IApp.swift */; };
		A1234567890ABCDEF005 /* Assets.xcassets in Resources */ = {isa = PBXBuildFile; fileRef = A1234567890ABCDEF006 /* Assets.xcassets */; };
		A1234567890ABCDEF007 /* Preview Assets.xcassets in Resources */ = {isa = PBXBuildFile; fileRef = A1234567890ABCDEF008 /* Preview Assets.xcassets */; };
		A1234567890ABCDEF009 /* AI_and_ITests.swift in Sources */ = {isa = PBXBuildFile; fileRef = A1234567890ABCDEF010 /* AI_and_ITests.swift */; };
		A1234567890ABCDEF011 /* AI_and_IUITests.swift in Sources */ = {isa = PBXBuildFile; fileRef = A1234567890ABCDEF012 /* AI_and_IUITests.swift */; };
		A1234567890ABCDEF013 /* AI_and_IUITestsLaunchTests.swift in Sources */ = {isa = PBXBuildFile; fileRef = A1234567890ABCDEF014 /* AI_and_IUITestsLaunchTests.swift */; };
		BE95EAC12E71EB38001435A4 /* DeviceChangeMonitor.swift in Sources */ = {isa = PBXBuildFile; fileRef = BE95EABE2E71EB38001435A4 /* DeviceChangeMonitor.swift */; };
		BE95EAC22E71EB38001435A4 /* MicRecorder.swift in Sources */ = {isa = PBXBuildFile; fileRef = BE95EABF2E71EB38001435A4 /* MicRecorder.swift */; };
		BE95EAC32E71EB38001435A4 /* AudioSegmentMetadata.swift in Sources */ = {isa = PBXBuildFile; fileRef = BE95EABD2E71EB38001435A4 /* AudioSegmentMetadata.swift */; };
		BE95EAC42E71EB38001435A4 /* SystemAudioRecorder.swift in Sources */ = {isa = PBXBuildFile; fileRef = BE95EAC02E71EB38001435A4 /* SystemAudioRecorder.swift */; };
		BE95EACB2E736DB8001435A4 /* TranscriptionService.swift in Sources */ = {isa = PBXBuildFile; fileRef = BE95EACA2E736DB8001435A4 /* TranscriptionService.swift */; };
		BE95EACC2E736DB8001435A4 /* AssemblyAITranscriptionService.swift in Sources */ = {isa = PBXBuildFile; fileRef = BE95EAC72E736DB8001435A4 /* AssemblyAITranscriptionService.swift */; };
		BE95EACD2E736DB8001435A4 /* DeepgramTranscriptionService.swift in Sources */ = {isa = PBXBuildFile; fileRef = BE95EAC82E736DB8001435A4 /* DeepgramTranscriptionService.swift */; };
		BE95EACE2E736DB8001435A4 /* GeminiTranscriptionService.swift in Sources */ = {isa = PBXBuildFile; fileRef = BE95EAC92E736DB8001435A4 /* GeminiTranscriptionService.swift */; };
		BE95EAD02E73EBA0001435A4 /* TranscriptionTester.swift in Sources */ = {isa = PBXBuildFile; fileRef = BE95EACF2E73EBA0001435A4 /* TranscriptionTester.swift */; };
		BE95EADC2E788173001435A4 /* MeetingsListView.swift in Sources */ = {isa = PBXBuildFile; fileRef = BE95EADA2E788173001435A4 /* MeetingsListView.swift */; };
		BE95EADD2E788173001435A4 /* TranscriptDetailView.swift in Sources */ = {isa = PBXBuildFile; fileRef = BE95EADB2E788173001435A4 /* TranscriptDetailView.swift */; };
		BE95EADE2E788173001435A4 /* CorrectionView.swift in Sources */ = {isa = PBXBuildFile; fileRef = BE95EAD92E788173001435A4 /* CorrectionView.swift */; };
		BE95EAE02E78817E001435A4 /* DesignSystem.swift in Sources */ = {isa = PBXBuildFile; fileRef = BE95EADF2E78817E001435A4 /* DesignSystem.swift */; };
		BEEFFE382E6B55AE00A0CF8F /* InsightsDashboard.swift in Sources */ = {isa = PBXBuildFile; fileRef = BEEFFE362E6B55AE00A0CF8F /* InsightsDashboard.swift */; };
		BEEFFE392E6B55AE00A0CF8F /* PerformanceMonitor.swift in Sources */ = {isa = PBXBuildFile; fileRef = BEEFFE372E6B55AE00A0CF8F /* PerformanceMonitor.swift */; };
		BEEFFE3B2E6B610A00A0CF8F /* AudioManager.swift in Sources */ = {isa = PBXBuildFile; fileRef = BEEFFE3A2E6B610A00A0CF8F /* AudioManager.swift */; };
		BEEFFE402E6DD97300A0CF8F /* ScreenCaptureManager.swift in Sources */ = {isa = PBXBuildFile; fileRef = BEEFFE3E2E6DD97300A0CF8F /* ScreenCaptureManager.swift */; };
/* End PBXBuildFile section */

/* Begin PBXContainerItemProxy section */
		A1234567890ABCDEF015 /* PBXContainerItemProxy */ = {
			isa = PBXContainerItemProxy;
			containerPortal = A1234567890ABCDEF016 /* Project object */;
			proxyType = 1;
			remoteGlobalIDString = A1234567890ABCDEF017;
			remoteInfo = "AI-and-I";
		};
		A1234567890ABCDEF018 /* PBXContainerItemProxy */ = {
			isa = PBXContainerItemProxy;
			containerPortal = A1234567890ABCDEF016 /* Project object */;
			proxyType = 1;
			remoteGlobalIDString = A1234567890ABCDEF017;
			remoteInfo = "AI-and-I";
		};
/* End PBXContainerItemProxy section */

/* Begin PBXFileReference section */
		A1234567890ABCDEF002 /* AI_and_IApp.swift */ = {isa = PBXFileReference; lastKnownFileType = sourcecode.swift; path = AI_and_IApp.swift; sourceTree = "<group>"; };
		A1234567890ABCDEF006 /* Assets.xcassets */ = {isa = PBXFileReference; lastKnownFileType = folder.assetcatalog; path = Assets.xcassets; sourceTree = "<group>"; };
		A1234567890ABCDEF008 /* Preview Assets.xcassets */ = {isa = PBXFileReference; lastKnownFileType = folder.assetcatalog; path = "Preview Assets.xcassets"; sourceTree = "<group>"; };
		A1234567890ABCDEF010 /* AI_and_ITests.swift */ = {isa = PBXFileReference; lastKnownFileType = sourcecode.swift; path = AI_and_ITests.swift; sourceTree = "<group>"; };
		A1234567890ABCDEF012 /* AI_and_IUITests.swift */ = {isa = PBXFileReference; lastKnownFileType = sourcecode.swift; path = AI_and_IUITests.swift; sourceTree = "<group>"; };
		A1234567890ABCDEF014 /* AI_and_IUITestsLaunchTests.swift */ = {isa = PBXFileReference; lastKnownFileType = sourcecode.swift; path = AI_and_IUITestsLaunchTests.swift; sourceTree = "<group>"; };
		A1234567890ABCDEF019 /* AI-and-I.app */ = {isa = PBXFileReference; explicitFileType = wrapper.application; includeInIndex = 0; path = "AI-and-I.app"; sourceTree = BUILT_PRODUCTS_DIR; };
		A1234567890ABCDEF020 /* AI-and-I.entitlements */ = {isa = PBXFileReference; lastKnownFileType = text.plist.entitlements; path = "AI-and-I.entitlements"; sourceTree = "<group>"; };
		A1234567890ABCDEF021 /* AI-and-ITests.xctest */ = {isa = PBXFileReference; explicitFileType = wrapper.cfbundle; includeInIndex = 0; path = "AI-and-ITests.xctest"; sourceTree = BUILT_PRODUCTS_DIR; };
		A1234567890ABCDEF022 /* AI-and-IUITests.xctest */ = {isa = PBXFileReference; explicitFileType = wrapper.cfbundle; includeInIndex = 0; path = "AI-and-IUITests.xctest"; sourceTree = BUILT_PRODUCTS_DIR; };
		BE95EABD2E71EB38001435A4 /* AudioSegmentMetadata.swift */ = {isa = PBXFileReference; lastKnownFileType = sourcecode.swift; path = AudioSegmentMetadata.swift; sourceTree = "<group>"; };
		BE95EABE2E71EB38001435A4 /* DeviceChangeMonitor.swift */ = {isa = PBXFileReference; lastKnownFileType = sourcecode.swift; path = DeviceChangeMonitor.swift; sourceTree = "<group>"; };
		BE95EABF2E71EB38001435A4 /* MicRecorder.swift */ = {isa = PBXFileReference; lastKnownFileType = sourcecode.swift; path = MicRecorder.swift; sourceTree = "<group>"; };
		BE95EAC02E71EB38001435A4 /* SystemAudioRecorder.swift */ = {isa = PBXFileReference; lastKnownFileType = sourcecode.swift; path = SystemAudioRecorder.swift; sourceTree = "<group>"; };
		BE95EAC72E736DB8001435A4 /* AssemblyAITranscriptionService.swift */ = {isa = PBXFileReference; lastKnownFileType = sourcecode.swift; path = AssemblyAITranscriptionService.swift; sourceTree = "<group>"; };
		BE95EAC82E736DB8001435A4 /* DeepgramTranscriptionService.swift */ = {isa = PBXFileReference; lastKnownFileType = sourcecode.swift; path = DeepgramTranscriptionService.swift; sourceTree = "<group>"; };
		BE95EAC92E736DB8001435A4 /* GeminiTranscriptionService.swift */ = {isa = PBXFileReference; lastKnownFileType = sourcecode.swift; path = GeminiTranscriptionService.swift; sourceTree = "<group>"; };
		BE95EACA2E736DB8001435A4 /* TranscriptionService.swift */ = {isa = PBXFileReference; lastKnownFileType = sourcecode.swift; path = TranscriptionService.swift; sourceTree = "<group>"; };
		BE95EACF2E73EBA0001435A4 /* TranscriptionTester.swift */ = {isa = PBXFileReference; lastKnownFileType = sourcecode.swift; path = TranscriptionTester.swift; sourceTree = "<group>"; };
		BE95EAD92E788173001435A4 /* CorrectionView.swift */ = {isa = PBXFileReference; lastKnownFileType = sourcecode.swift; path = CorrectionView.swift; sourceTree = "<group>"; };
		BE95EADA2E788173001435A4 /* MeetingsListView.swift */ = {isa = PBXFileReference; lastKnownFileType = sourcecode.swift; path = MeetingsListView.swift; sourceTree = "<group>"; };
		BE95EADB2E788173001435A4 /* TranscriptDetailView.swift */ = {isa = PBXFileReference; lastKnownFileType = sourcecode.swift; path = TranscriptDetailView.swift; sourceTree = "<group>"; };
		BE95EADF2E78817E001435A4 /* DesignSystem.swift */ = {isa = PBXFileReference; lastKnownFileType = sourcecode.swift; path = DesignSystem.swift; sourceTree = "<group>"; };
		BEEFFE362E6B55AE00A0CF8F /* InsightsDashboard.swift */ = {isa = PBXFileReference; lastKnownFileType = sourcecode.swift; path = InsightsDashboard.swift; sourceTree = "<group>"; };
		BEEFFE372E6B55AE00A0CF8F /* PerformanceMonitor.swift */ = {isa = PBXFileReference; lastKnownFileType = sourcecode.swift; path = PerformanceMonitor.swift; sourceTree = "<group>"; };
		BEEFFE3A2E6B610A00A0CF8F /* AudioManager.swift */ = {isa = PBXFileReference; lastKnownFileType = sourcecode.swift; path = AudioManager.swift; sourceTree = "<group>"; };
		BEEFFE3E2E6DD97300A0CF8F /* ScreenCaptureManager.swift */ = {isa = PBXFileReference; lastKnownFileType = sourcecode.swift; path = ScreenCaptureManager.swift; sourceTree = "<group>"; };
/* End PBXFileReference section */

/* Begin PBXFrameworksBuildPhase section */
		A1234567890ABCDEF023 /* Frameworks */ = {
			isa = PBXFrameworksBuildPhase;
			buildActionMask = 2147483647;
			files = (
			);
			runOnlyForDeploymentPostprocessing = 0;
		};
		A1234567890ABCDEF024 /* Frameworks */ = {
			isa = PBXFrameworksBuildPhase;
			buildActionMask = 2147483647;
			files = (
			);
			runOnlyForDeploymentPostprocessing = 0;
		};
		A1234567890ABCDEF025 /* Frameworks */ = {
			isa = PBXFrameworksBuildPhase;
			buildActionMask = 2147483647;
			files = (
			);
			runOnlyForDeploymentPostprocessing = 0;
		};
/* End PBXFrameworksBuildPhase section */

/* Begin PBXGroup section */
		A1234567890ABCDEF026 = {
			isa = PBXGroup;
			children = (
				A1234567890ABCDEF027 /* AI-and-I */,
				A1234567890ABCDEF028 /* AI-and-ITests */,
				A1234567890ABCDEF029 /* AI-and-IUITests */,
				A1234567890ABCDEF030 /* Products */,
			);
			sourceTree = "<group>";
		};
		A1234567890ABCDEF027 /* AI-and-I */ = {
			isa = PBXGroup;
			children = (
				BE95EADF2E78817E001435A4 /* DesignSystem.swift */,
				BE95EAD92E788173001435A4 /* CorrectionView.swift */,
				BE95EADA2E788173001435A4 /* MeetingsListView.swift */,
				BE95EADB2E788173001435A4 /* TranscriptDetailView.swift */,
				BE95EACF2E73EBA0001435A4 /* TranscriptionTester.swift */,
				BE95EAC72E736DB8001435A4 /* AssemblyAITranscriptionService.swift */,
				BE95EAC82E736DB8001435A4 /* DeepgramTranscriptionService.swift */,
				BE95EAC92E736DB8001435A4 /* GeminiTranscriptionService.swift */,
				BE95EACA2E736DB8001435A4 /* TranscriptionService.swift */,
				BE95EABD2E71EB38001435A4 /* AudioSegmentMetadata.swift */,
				BE95EABE2E71EB38001435A4 /* DeviceChangeMonitor.swift */,
				BE95EABF2E71EB38001435A4 /* MicRecorder.swift */,
				BE95EAC02E71EB38001435A4 /* SystemAudioRecorder.swift */,
				BEEFFE3E2E6DD97300A0CF8F /* ScreenCaptureManager.swift */,
				BEEFFE3A2E6B610A00A0CF8F /* AudioManager.swift */,
				BEEFFE362E6B55AE00A0CF8F /* InsightsDashboard.swift */,
				BEEFFE372E6B55AE00A0CF8F /* PerformanceMonitor.swift */,
				A1234567890ABCDEF002 /* AI_and_IApp.swift */,
				A1234567890ABCDEF006 /* Assets.xcassets */,
				A1234567890ABCDEF020 /* AI-and-I.entitlements */,
				A1234567890ABCDEF031 /* Preview Content */,
			);
			path = "AI-and-I";
			sourceTree = "<group>";
		};
		A1234567890ABCDEF028 /* AI-and-ITests */ = {
			isa = PBXGroup;
			children = (
				A1234567890ABCDEF010 /* AI_and_ITests.swift */,
			);
			path = "AI-and-ITests";
			sourceTree = "<group>";
		};
		A1234567890ABCDEF029 /* AI-and-IUITests */ = {
			isa = PBXGroup;
			children = (
				A1234567890ABCDEF012 /* AI_and_IUITests.swift */,
				A1234567890ABCDEF014 /* AI_and_IUITestsLaunchTests.swift */,
			);
			path = "AI-and-IUITests";
			sourceTree = "<group>";
		};
		A1234567890ABCDEF030 /* Products */ = {
			isa = PBXGroup;
			children = (
				A1234567890ABCDEF019 /* AI-and-I.app */,
				A1234567890ABCDEF021 /* AI-and-ITests.xctest */,
				A1234567890ABCDEF022 /* AI-and-IUITests.xctest */,
			);
			name = Products;
			sourceTree = "<group>";
		};
		A1234567890ABCDEF031 /* Preview Content */ = {
			isa = PBXGroup;
			children = (
				A1234567890ABCDEF008 /* Preview Assets.xcassets */,
			);
			path = "Preview Content";
			sourceTree = "<group>";
		};
/* End PBXGroup section */

/* Begin PBXNativeTarget section */
		A1234567890ABCDEF017 /* AI-and-I */ = {
			isa = PBXNativeTarget;
			buildConfigurationList = A1234567890ABCDEF032 /* Build configuration list for PBXNativeTarget "AI-and-I" */;
			buildPhases = (
				A1234567890ABCDEF033 /* Sources */,
				A1234567890ABCDEF023 /* Frameworks */,
				A1234567890ABCDEF034 /* Resources */,
			);
			buildRules = (
			);
			dependencies = (
			);
			name = "AI-and-I";
			productName = "AI-and-I";
			productReference = A1234567890ABCDEF019 /* AI-and-I.app */;
			productType = "com.apple.product-type.application";
		};
		A1234567890ABCDEF035 /* AI-and-ITests */ = {
			isa = PBXNativeTarget;
			buildConfigurationList = A1234567890ABCDEF036 /* Build configuration list for PBXNativeTarget "AI-and-ITests" */;
			buildPhases = (
				A1234567890ABCDEF037 /* Sources */,
				A1234567890ABCDEF024 /* Frameworks */,
				A1234567890ABCDEF038 /* Resources */,
			);
			buildRules = (
			);
			dependencies = (
				A1234567890ABCDEF039 /* PBXTargetDependency */,
			);
			name = "AI-and-ITests";
			productName = "AI-and-ITests";
			productReference = A1234567890ABCDEF021 /* AI-and-ITests.xctest */;
			productType = "com.apple.product-type.bundle.unit-test";
		};
		A1234567890ABCDEF040 /* AI-and-IUITests */ = {
			isa = PBXNativeTarget;
			buildConfigurationList = A1234567890ABCDEF041 /* Build configuration list for PBXNativeTarget "AI-and-IUITests" */;
			buildPhases = (
				A1234567890ABCDEF042 /* Sources */,
				A1234567890ABCDEF025 /* Frameworks */,
				A1234567890ABCDEF043 /* Resources */,
			);
			buildRules = (
			);
			dependencies = (
				A1234567890ABCDEF044 /* PBXTargetDependency */,
			);
			name = "AI-and-IUITests";
			productName = "AI-and-IUITests";
			productReference = A1234567890ABCDEF022 /* AI-and-IUITests.xctest */;
			productType = "com.apple.product-type.bundle.ui-testing";
		};
/* End PBXNativeTarget section */

/* Begin PBXProject section */
		A1234567890ABCDEF016 /* Project object */ = {
			isa = PBXProject;
			attributes = {
				BuildIndependentTargetsInParallel = 1;
				LastSwiftUpdateCheck = 1540;
				LastUpgradeCheck = 1540;
				TargetAttributes = {
					A1234567890ABCDEF017 = {
						CreatedOnToolsVersion = 15.4;
					};
					A1234567890ABCDEF035 = {
						CreatedOnToolsVersion = 15.4;
						TestTargetID = A1234567890ABCDEF017;
					};
					A1234567890ABCDEF040 = {
						CreatedOnToolsVersion = 15.4;
						TestTargetID = A1234567890ABCDEF017;
					};
				};
			};
			buildConfigurationList = A1234567890ABCDEF045 /* Build configuration list for PBXProject "AI-and-I" */;
			compatibilityVersion = "Xcode 14.0";
			developmentRegion = en;
			hasScannedForEncodings = 0;
			knownRegions = (
				en,
				Base,
			);
			mainGroup = A1234567890ABCDEF026;
			productRefGroup = A1234567890ABCDEF030 /* Products */;
			projectDirPath = "";
			projectRoot = "";
			targets = (
				A1234567890ABCDEF017 /* AI-and-I */,
				A1234567890ABCDEF035 /* AI-and-ITests */,
				A1234567890ABCDEF040 /* AI-and-IUITests */,
			);
		};
/* End PBXProject section */

/* Begin PBXResourcesBuildPhase section */
		A1234567890ABCDEF034 /* Resources */ = {
			isa = PBXResourcesBuildPhase;
			buildActionMask = 2147483647;
			files = (
				A1234567890ABCDEF007 /* Preview Assets.xcassets in Resources */,
				A1234567890ABCDEF005 /* Assets.xcassets in Resources */,
			);
			runOnlyForDeploymentPostprocessing = 0;
		};
		A1234567890ABCDEF038 /* Resources */ = {
			isa = PBXResourcesBuildPhase;
			buildActionMask = 2147483647;
			files = (
			);
			runOnlyForDeploymentPostprocessing = 0;
		};
		A1234567890ABCDEF043 /* Resources */ = {
			isa = PBXResourcesBuildPhase;
			buildActionMask = 2147483647;
			files = (
			);
			runOnlyForDeploymentPostprocessing = 0;
		};
/* End PBXResourcesBuildPhase section */

/* Begin PBXSourcesBuildPhase section */
		A1234567890ABCDEF033 /* Sources */ = {
			isa = PBXSourcesBuildPhase;
			buildActionMask = 2147483647;
			files = (
				BEEFFE382E6B55AE00A0CF8F /* InsightsDashboard.swift in Sources */,
				BE95EACB2E736DB8001435A4 /* TranscriptionService.swift in Sources */,
				BE95EACC2E736DB8001435A4 /* AssemblyAITranscriptionService.swift in Sources */,
				BE95EADC2E788173001435A4 /* MeetingsListView.swift in Sources */,
				BE95EADD2E788173001435A4 /* TranscriptDetailView.swift in Sources */,
				BE95EADE2E788173001435A4 /* CorrectionView.swift in Sources */,
				BE95EACD2E736DB8001435A4 /* DeepgramTranscriptionService.swift in Sources */,
				BE95EACE2E736DB8001435A4 /* GeminiTranscriptionService.swift in Sources */,
				BEEFFE392E6B55AE00A0CF8F /* PerformanceMonitor.swift in Sources */,
				BEEFFE402E6DD97300A0CF8F /* ScreenCaptureManager.swift in Sources */,
				BEEFFE3B2E6B610A00A0CF8F /* AudioManager.swift in Sources */,
				BE95EAE02E78817E001435A4 /* DesignSystem.swift in Sources */,
				BE95EAC12E71EB38001435A4 /* DeviceChangeMonitor.swift in Sources */,
				BE95EAD02E73EBA0001435A4 /* TranscriptionTester.swift in Sources */,
				BE95EAC22E71EB38001435A4 /* MicRecorder.swift in Sources */,
				BE95EAC32E71EB38001435A4 /* AudioSegmentMetadata.swift in Sources */,
				BE95EAC42E71EB38001435A4 /* SystemAudioRecorder.swift in Sources */,
				A1234567890ABCDEF001 /* AI_and_IApp.swift in Sources */,
			);
			runOnlyForDeploymentPostprocessing = 0;
		};
		A1234567890ABCDEF037 /* Sources */ = {
			isa = PBXSourcesBuildPhase;
			buildActionMask = 2147483647;
			files = (
				A1234567890ABCDEF009 /* AI_and_ITests.swift in Sources */,
			);
			runOnlyForDeploymentPostprocessing = 0;
		};
		A1234567890ABCDEF042 /* Sources */ = {
			isa = PBXSourcesBuildPhase;
			buildActionMask = 2147483647;
			files = (
				A1234567890ABCDEF011 /* AI_and_IUITests.swift in Sources */,
				A1234567890ABCDEF013 /* AI_and_IUITestsLaunchTests.swift in Sources */,
			);
			runOnlyForDeploymentPostprocessing = 0;
		};
/* End PBXSourcesBuildPhase section */

/* Begin PBXTargetDependency section */
		A1234567890ABCDEF039 /* PBXTargetDependency */ = {
			isa = PBXTargetDependency;
			target = A1234567890ABCDEF017 /* AI-and-I */;
			targetProxy = A1234567890ABCDEF015 /* PBXContainerItemProxy */;
		};
		A1234567890ABCDEF044 /* PBXTargetDependency */ = {
			isa = PBXTargetDependency;
			target = A1234567890ABCDEF017 /* AI-and-I */;
			targetProxy = A1234567890ABCDEF018 /* PBXContainerItemProxy */;
		};
/* End PBXTargetDependency section */

/* Begin XCBuildConfiguration section */
		A1234567890ABCDEF046 /* Debug */ = {
			isa = XCBuildConfiguration;
			buildSettings = {
				ALWAYS_SEARCH_USER_PATHS = NO;
				ASSETCATALOG_COMPILER_GENERATE_SWIFT_ASSET_SYMBOL_EXTENSIONS = YES;
				CLANG_ANALYZER_NONNULL = YES;
				CLANG_ANALYZER_NUMBER_OBJECT_CONVERSION = YES_AGGRESSIVE;
				CLANG_CXX_LANGUAGE_STANDARD = "gnu++20";
				CLANG_ENABLE_MODULES = YES;
				CLANG_ENABLE_OBJC_ARC = YES;
				CLANG_ENABLE_OBJC_WEAK = YES;
				CLANG_WARN_BLOCK_CAPTURE_AUTORELEASING = YES;
				CLANG_WARN_BOOL_CONVERSION = YES;
				CLANG_WARN_COMMA = YES;
				CLANG_WARN_CONSTANT_CONVERSION = YES;
				CLANG_WARN_DEPRECATED_OBJC_IMPLEMENTATIONS = YES;
				CLANG_WARN_DIRECT_OBJC_ISA_USAGE = YES_ERROR;
				CLANG_WARN_DOCUMENTATION_COMMENTS = YES;
				CLANG_WARN_EMPTY_BODY = YES;
				CLANG_WARN_ENUM_CONVERSION = YES;
				CLANG_WARN_INFINITE_RECURSION = YES;
				CLANG_WARN_INT_CONVERSION = YES;
				CLANG_WARN_NON_LITERAL_NULL_CONVERSION = YES;
				CLANG_WARN_OBJC_IMPLICIT_RETAIN_SELF = YES;
				CLANG_WARN_OBJC_LITERAL_CONVERSION = YES;
				CLANG_WARN_OBJC_ROOT_CLASS = YES_ERROR;
				CLANG_WARN_QUOTED_INCLUDE_IN_FRAMEWORK_HEADER = YES;
				CLANG_WARN_RANGE_LOOP_ANALYSIS = YES;
				CLANG_WARN_STRICT_PROTOTYPES = YES;
				CLANG_WARN_SUSPICIOUS_MOVE = YES;
				CLANG_WARN_UNGUARDED_AVAILABILITY = YES_AGGRESSIVE;
				CLANG_WARN_UNREACHABLE_CODE = YES;
				CLANG_WARN__DUPLICATE_METHOD_MATCH = YES;
				COPY_PHASE_STRIP = NO;
				DEBUG_INFORMATION_FORMAT = dwarf;
				ENABLE_STRICT_OBJC_MSGSEND = YES;
				ENABLE_TESTABILITY = YES;
				ENABLE_USER_SCRIPT_SANDBOXING = YES;
				GCC_C_LANGUAGE_STANDARD = gnu17;
				GCC_DYNAMIC_NO_PIC = NO;
				GCC_NO_COMMON_BLOCKS = YES;
				GCC_OPTIMIZATION_LEVEL = 0;
				GCC_PREPROCESSOR_DEFINITIONS = (
					"DEBUG=1",
					"$(inherited)",
				);
				GCC_WARN_64_TO_32_BIT_CONVERSION = YES;
				GCC_WARN_ABOUT_RETURN_TYPE = YES_ERROR;
				GCC_WARN_UNDECLARED_SELECTOR = YES;
				GCC_WARN_UNINITIALIZED_AUTOS = YES_AGGRESSIVE;
				GCC_WARN_UNUSED_FUNCTION = YES;
				GCC_WARN_UNUSED_VARIABLE = YES;
				LOCALIZATION_PREFERS_STRING_CATALOGS = YES;
				MACOSX_DEPLOYMENT_TARGET = 14.0;
				MTL_ENABLE_DEBUG_INFO = INCLUDE_SOURCE;
				MTL_FAST_MATH = YES;
				ONLY_ACTIVE_ARCH = YES;
				SDKROOT = macosx;
				SWIFT_ACTIVE_COMPILATION_CONDITIONS = "DEBUG $(inherited)";
				SWIFT_OPTIMIZATION_LEVEL = "-Onone";
			};
			name = Debug;
		};
		A1234567890ABCDEF047 /* Release */ = {
			isa = XCBuildConfiguration;
			buildSettings = {
				ALWAYS_SEARCH_USER_PATHS = NO;
				ASSETCATALOG_COMPILER_GENERATE_SWIFT_ASSET_SYMBOL_EXTENSIONS = YES;
				CLANG_ANALYZER_NONNULL = YES;
				CLANG_ANALYZER_NUMBER_OBJECT_CONVERSION = YES_AGGRESSIVE;
				CLANG_CXX_LANGUAGE_STANDARD = "gnu++20";
				CLANG_ENABLE_MODULES = YES;
				CLANG_ENABLE_OBJC_ARC = YES;
				CLANG_ENABLE_OBJC_WEAK = YES;
				CLANG_WARN_BLOCK_CAPTURE_AUTORELEASING = YES;
				CLANG_WARN_BOOL_CONVERSION = YES;
				CLANG_WARN_COMMA = YES;
				CLANG_WARN_CONSTANT_CONVERSION = YES;
				CLANG_WARN_DEPRECATED_OBJC_IMPLEMENTATIONS = YES;
				CLANG_WARN_DIRECT_OBJC_ISA_USAGE = YES_ERROR;
				CLANG_WARN_DOCUMENTATION_COMMENTS = YES;
				CLANG_WARN_EMPTY_BODY = YES;
				CLANG_WARN_ENUM_CONVERSION = YES;
				CLANG_WARN_INFINITE_RECURSION = YES;
				CLANG_WARN_INT_CONVERSION = YES;
				CLANG_WARN_NON_LITERAL_NULL_CONVERSION = YES;
				CLANG_WARN_OBJC_IMPLICIT_RETAIN_SELF = YES;
				CLANG_WARN_OBJC_LITERAL_CONVERSION = YES;
				CLANG_WARN_OBJC_ROOT_CLASS = YES_ERROR;
				CLANG_WARN_QUOTED_INCLUDE_IN_FRAMEWORK_HEADER = YES;
				CLANG_WARN_RANGE_LOOP_ANALYSIS = YES;
				CLANG_WARN_STRICT_PROTOTYPES = YES;
				CLANG_WARN_SUSPICIOUS_MOVE = YES;
				CLANG_WARN_UNGUARDED_AVAILABILITY = YES_AGGRESSIVE;
				CLANG_WARN_UNREACHABLE_CODE = YES;
				CLANG_WARN__DUPLICATE_METHOD_MATCH = YES;
				COPY_PHASE_STRIP = NO;
				DEBUG_INFORMATION_FORMAT = "dwarf-with-dsym";
				ENABLE_NS_ASSERTIONS = NO;
				ENABLE_STRICT_OBJC_MSGSEND = YES;
				ENABLE_USER_SCRIPT_SANDBOXING = YES;
				GCC_C_LANGUAGE_STANDARD = gnu17;
				GCC_NO_COMMON_BLOCKS = YES;
				GCC_WARN_64_TO_32_BIT_CONVERSION = YES;
				GCC_WARN_ABOUT_RETURN_TYPE = YES_ERROR;
				GCC_WARN_UNDECLARED_SELECTOR = YES;
				GCC_WARN_UNINITIALIZED_AUTOS = YES_AGGRESSIVE;
				GCC_WARN_UNUSED_FUNCTION = YES;
				GCC_WARN_UNUSED_VARIABLE = YES;
				LOCALIZATION_PREFERS_STRING_CATALOGS = YES;
				MACOSX_DEPLOYMENT_TARGET = 14.0;
				MTL_ENABLE_DEBUG_INFO = NO;
				MTL_FAST_MATH = YES;
				SDKROOT = macosx;
				SWIFT_COMPILATION_MODE = wholemodule;
			};
			name = Release;
		};
		A1234567890ABCDEF048 /* Debug */ = {
			isa = XCBuildConfiguration;
			buildSettings = {
				ASSETCATALOG_COMPILER_APPICON_NAME = AppIcon;
				ASSETCATALOG_COMPILER_GLOBAL_ACCENT_COLOR_NAME = AccentColor;
				CODE_SIGN_ENTITLEMENTS = "AI-and-I/AI-and-I.entitlements";
				CODE_SIGN_STYLE = Automatic;
				COMBINE_HIDPI_IMAGES = YES;
				CURRENT_PROJECT_VERSION = 1;
				DEVELOPMENT_ASSET_PATHS = "\"AI-and-I/Preview Content\"";
				DEVELOPMENT_TEAM = D9NK896M3A;
				ENABLE_PREVIEWS = YES;
				GENERATE_INFOPLIST_FILE = YES;
				INFOPLIST_KEY_CFBundleDisplayName = "ai&i";
				INFOPLIST_KEY_NSHumanReadableCopyright = "";
				INFOPLIST_KEY_NSMicrophoneUsageDescription = "ai&i needs microphone access to record and transcribe meetings";
				INFOPLIST_KEY_NSScreenCaptureUsageDescription = "ai&i needs screen recording access to capture audio from meeting applications";
				LD_RUNPATH_SEARCH_PATHS = (
					"$(inherited)",
					"@executable_path/../Frameworks",
				);
				MARKETING_VERSION = 1.0;
				PRODUCT_BUNDLE_IDENTIFIER = "com.ai-and-i.meeting-transcription";
				PRODUCT_NAME = "$(TARGET_NAME)";
				SWIFT_EMIT_LOC_STRINGS = YES;
				SWIFT_VERSION = 5.0;
			};
			name = Debug;
		};
		A1234567890ABCDEF049 /* Release */ = {
			isa = XCBuildConfiguration;
			buildSettings = {
				ASSETCATALOG_COMPILER_APPICON_NAME = AppIcon;
				ASSETCATALOG_COMPILER_GLOBAL_ACCENT_COLOR_NAME = AccentColor;
				CODE_SIGN_ENTITLEMENTS = "AI-and-I/AI-and-I.entitlements";
				CODE_SIGN_STYLE = Automatic;
				COMBINE_HIDPI_IMAGES = YES;
				CURRENT_PROJECT_VERSION = 1;
				DEVELOPMENT_ASSET_PATHS = "\"AI-and-I/Preview Content\"";
				DEVELOPMENT_TEAM = D9NK896M3A;
				ENABLE_PREVIEWS = YES;
				GENERATE_INFOPLIST_FILE = YES;
				INFOPLIST_KEY_CFBundleDisplayName = "ai&i";
				INFOPLIST_KEY_NSHumanReadableCopyright = "";
				INFOPLIST_KEY_NSMicrophoneUsageDescription = "ai&i needs microphone access to record and transcribe meetings";
				INFOPLIST_KEY_NSScreenCaptureUsageDescription = "ai&i needs screen recording access to capture audio from meeting applications";
				LD_RUNPATH_SEARCH_PATHS = (
					"$(inherited)",
					"@executable_path/../Frameworks",
				);
				MARKETING_VERSION = 1.0;
				PRODUCT_BUNDLE_IDENTIFIER = "com.ai-and-i.meeting-transcription";
				PRODUCT_NAME = "$(TARGET_NAME)";
				SWIFT_EMIT_LOC_STRINGS = YES;
				SWIFT_VERSION = 5.0;
			};
			name = Release;
		};
		A1234567890ABCDEF050 /* Debug */ = {
			isa = XCBuildConfiguration;
			buildSettings = {
				ALWAYS_EMBED_SWIFT_STANDARD_LIBRARIES = YES;
				BUNDLE_LOADER = "$(TEST_HOST)";
				CODE_SIGN_STYLE = Automatic;
				CURRENT_PROJECT_VERSION = 1;
				GENERATE_INFOPLIST_FILE = YES;
				MACOSX_DEPLOYMENT_TARGET = 14.0;
				MARKETING_VERSION = 1.0;
				PRODUCT_BUNDLE_IDENTIFIER = "com.ai-and-i.meeting-transcription.AI-and-ITests";
				PRODUCT_NAME = "$(TARGET_NAME)";
				SWIFT_EMIT_LOC_STRINGS = NO;
				SWIFT_VERSION = 5.0;
				TEST_HOST = "$(BUILT_PRODUCTS_DIR)/AI-and-I.app/$(BUNDLE_EXECUTABLE_FOLDER_PATH)/AI-and-I";
			};
			name = Debug;
		};
		A1234567890ABCDEF051 /* Release */ = {
			isa = XCBuildConfiguration;
			buildSettings = {
				ALWAYS_EMBED_SWIFT_STANDARD_LIBRARIES = YES;
				BUNDLE_LOADER = "$(TEST_HOST)";
				CODE_SIGN_STYLE = Automatic;
				CURRENT_PROJECT_VERSION = 1;
				GENERATE_INFOPLIST_FILE = YES;
				MACOSX_DEPLOYMENT_TARGET = 14.0;
				MARKETING_VERSION = 1.0;
				PRODUCT_BUNDLE_IDENTIFIER = "com.ai-and-i.meeting-transcription.AI-and-ITests";
				PRODUCT_NAME = "$(TARGET_NAME)";
				SWIFT_EMIT_LOC_STRINGS = NO;
				SWIFT_VERSION = 5.0;
				TEST_HOST = "$(BUILT_PRODUCTS_DIR)/AI-and-I.app/$(BUNDLE_EXECUTABLE_FOLDER_PATH)/AI-and-I";
			};
			name = Release;
		};
		A1234567890ABCDEF052 /* Debug */ = {
			isa = XCBuildConfiguration;
			buildSettings = {
				ALWAYS_EMBED_SWIFT_STANDARD_LIBRARIES = YES;
				CODE_SIGN_STYLE = Automatic;
				CURRENT_PROJECT_VERSION = 1;
				GENERATE_INFOPLIST_FILE = YES;
				MARKETING_VERSION = 1.0;
				PRODUCT_BUNDLE_IDENTIFIER = "com.ai-and-i.meeting-transcription.AI-and-IUITests";
				PRODUCT_NAME = "$(TARGET_NAME)";
				SWIFT_EMIT_LOC_STRINGS = NO;
				SWIFT_VERSION = 5.0;
				TEST_TARGET_NAME = "AI-and-I";
			};
			name = Debug;
		};
		A1234567890ABCDEF053 /* Release */ = {
			isa = XCBuildConfiguration;
			buildSettings = {
				ALWAYS_EMBED_SWIFT_STANDARD_LIBRARIES = YES;
				CODE_SIGN_STYLE = Automatic;
				CURRENT_PROJECT_VERSION = 1;
				GENERATE_INFOPLIST_FILE = YES;
				MARKETING_VERSION = 1.0;
				PRODUCT_BUNDLE_IDENTIFIER = "com.ai-and-i.meeting-transcription.AI-and-IUITests";
				PRODUCT_NAME = "$(TARGET_NAME)";
				SWIFT_EMIT_LOC_STRINGS = NO;
				SWIFT_VERSION = 5.0;
				TEST_TARGET_NAME = "AI-and-I";
			};
			name = Release;
		};
/* End XCBuildConfiguration section */

/* Begin XCConfigurationList section */
		A1234567890ABCDEF032 /* Build configuration list for PBXNativeTarget "AI-and-I" */ = {
			isa = XCConfigurationList;
			buildConfigurations = (
				A1234567890ABCDEF048 /* Debug */,
				A1234567890ABCDEF049 /* Release */,
			);
			defaultConfigurationIsVisible = 0;
			defaultConfigurationName = Release;
		};
		A1234567890ABCDEF036 /* Build configuration list for PBXNativeTarget "AI-and-ITests" */ = {
			isa = XCConfigurationList;
			buildConfigurations = (
				A1234567890ABCDEF050 /* Debug */,
				A1234567890ABCDEF051 /* Release */,
			);
			defaultConfigurationIsVisible = 0;
			defaultConfigurationName = Release;
		};
		A1234567890ABCDEF041 /* Build configuration list for PBXNativeTarget "AI-and-IUITests" */ = {
			isa = XCConfigurationList;
			buildConfigurations = (
				A1234567890ABCDEF052 /* Debug */,
				A1234567890ABCDEF053 /* Release */,
			);
			defaultConfigurationIsVisible = 0;
			defaultConfigurationName = Release;
		};
		A1234567890ABCDEF045 /* Build configuration list for PBXProject "AI-and-I" */ = {
			isa = XCConfigurationList;
			buildConfigurations = (
				A1234567890ABCDEF046 /* Debug */,
				A1234567890ABCDEF047 /* Release */,
			);
			defaultConfigurationIsVisible = 0;
			defaultConfigurationName = Release;
		};
/* End XCConfigurationList section */
	};
	rootObject = A1234567890ABCDEF016 /* Project object */;
}
